
Microsoft Visual Studio Solution File, Format Version 12.00
# Visual Studio Version 16
VisualStudioVersion = 16.0.29806.167
MinimumVisualStudioVersion = 10.0.40219.1
Project("{9A19103F-16F7-4668-BE54-9A1E7A4F7556}") = "ApiDemoPersonalizzata", "ApiDemoPersonalizzata\ApiDemoPersonalizzata.csproj", "{C979AB25-ACCC-42D5-BDBE-D2D193401A97}"
EndProject
Project("{FAE04EC0-301F-11D3-BF4B-00C04F79EFBC}") = "ClientDemoPersonalizzata", "ClientDemoPersonalizzata\ClientDemoPersonalizzata.csproj", "{017D6399-3DE7-4772-ACBC-DD33646B4CDD}"
EndProject
Global
	GlobalSection(SolutionConfigurationPlatforms) = preSolution
		Debug|Any CPU = Debug|Any CPU
		Release|Any CPU = Release|Any CPU
	EndGlobalSection
	GlobalSection(ProjectConfigurationPlatforms) = postSolution
		{C979AB25-ACCC-42D5-BDBE-D2D193401A97}.Debug|Any CPU.ActiveCfg = Debug|Any CPU
		{C979AB25-ACCC-42D5-BDBE-D2D193401A97}.Debug|Any CPU.Build.0 = Debug|Any CPU
		{C979AB25-ACCC-42D5-BDBE-D2D193401A97}.Release|Any CPU.ActiveCfg = Release|Any CPU
		{C979AB25-ACCC-42D5-BDBE-D2D193401A97}.Release|Any CPU.Build.0 = Release|Any CPU
		{017D6399-3DE7-4772-ACBC-DD33646B4CDD}.Debug|Any CPU.ActiveCfg = Debug|Any CPU
		{017D6399-3DE7-4772-ACBC-DD33646B4CDD}.Debug|Any CPU.Build.0 = Debug|Any CPU
		{017D6399-3DE7-4772-ACBC-DD33646B4CDD}.Release|Any CPU.ActiveCfg = Release|Any CPU
		{017D6399-3DE7-4772-ACBC-DD33646B4CDD}.Release|Any CPU.Build.0 = Release|Any CPU
	EndGlobalSection
	GlobalSection(SolutionProperties) = preSolution
		HideSolutionNode = FALSE
	EndGlobalSection
	GlobalSection(ExtensibilityGlobals) = postSolution
		SolutionGuid = {10F6FF48-562E-4F5D-A994-1555F5EDA215}
	EndGlobalSection
EndGlobal
